
Microsoft Visual Studio Solution File, Format Version 12.00
# Visual Studio Version 16
VisualStudioVersion = 16.0.32929.386
MinimumVisualStudioVersion = 10.0.40219.1
Project("{FAE04EC0-301F-11D3-BF4B-00C04F79EFBC}") = "CarbEqual", "CarbEqual\CarbEqual.csproj", "{50890B13-2E0E-4C13-80CB-5216AE3E36A2}"
EndProject
Project("{54435603-DBB4-11D2-8724-00A0C9A8B90C}") = "GomülüSistemlerSetup", "GomülüSistemlerSetup\GomülüSistemlerSetup.vdproj", "{15E45860-1DFE-417E-8562-81A1D69F9FF9}"
EndProject
Global
	GlobalSection(SolutionConfigurationPlatforms) = preSolution
		Debug|Any CPU = Debug|Any CPU
		Release|Any CPU = Release|Any CPU
	EndGlobalSection
	GlobalSection(ProjectConfigurationPlatforms) = postSolution
		{50890B13-2E0E-4C13-80CB-5216AE3E36A2}.Debug|Any CPU.ActiveCfg = Debug|Any CPU
		{50890B13-2E0E-4C13-80CB-5216AE3E36A2}.Debug|Any CPU.Build.0 = Debug|Any CPU
		{50890B13-2E0E-4C13-80CB-5216AE3E36A2}.Release|Any CPU.ActiveCfg = Release|Any CPU
		{50890B13-2E0E-4C13-80CB-5216AE3E36A2}.Release|Any CPU.Build.0 = Release|Any CPU
		{15E45860-1DFE-417E-8562-81A1D69F9FF9}.Debug|Any CPU.ActiveCfg = Debug
		{15E45860-1DFE-417E-8562-81A1D69F9FF9}.Release|Any CPU.ActiveCfg = Release
	EndGlobalSection
	GlobalSection(SolutionProperties) = preSolution
		HideSolutionNode = FALSE
	EndGlobalSection
	GlobalSection(ExtensibilityGlobals) = postSolution
		SolutionGuid = {4EE62C3F-F65C-40CE-A89F-8BCDC4980107}
	EndGlobalSection
EndGlobal
